
Microsoft Visual Studio Solution File, Format Version 12.00
# Visual Studio Version 17
VisualStudioVersion = 17.5.33530.505
MinimumVisualStudioVersion = 10.0.40219.1
Project("{9A19103F-16F7-4668-BE54-9A1E7A4F7556}") = "BlogWeb", "Blog\BlogWeb.csproj", "{B1A35BF8-A958-405D-9FDC-7E3920A73CEA}"
EndProject
Global
	GlobalSection(SolutionConfigurationPlatforms) = preSolution
		Debug|Any CPU = Debug|Any CPU
		Release|Any CPU = Release|Any CPU
	EndGlobalSection
	GlobalSection(ProjectConfigurationPlatforms) = postSolution
		{B1A35BF8-A958-405D-9FDC-7E3920A73CEA}.Debug|Any CPU.ActiveCfg = Debug|Any CPU
		{B1A35BF8-A958-405D-9FDC-7E3920A73CEA}.Debug|Any CPU.Build.0 = Debug|Any CPU
		{B1A35BF8-A958-405D-9FDC-7E3920A73CEA}.Release|Any CPU.ActiveCfg = Release|Any CPU
		{B1A35BF8-A958-405D-9FDC-7E3920A73CEA}.Release|Any CPU.Build.0 = Release|Any CPU
	EndGlobalSection
	GlobalSection(SolutionProperties) = preSolution
		HideSolutionNode = FALSE
	EndGlobalSection
	GlobalSection(ExtensibilityGlobals) = postSolution
		SolutionGuid = {8A9F0AAE-37F8-4B93-96E4-D2FD7CACC274}
	EndGlobalSection
EndGlobal
